github.com/balazskvancz/rtree v1.0.0 h1:nG9yPUzt1JAjPbRqp6M2M2qeBs4KOJtxvx5dHy5gpzI=
github.com/balazskvancz/rtree v1.0.0/go.mod h1:Q6neTW6sMmYkKRt4olSvKM6bGfLlVPIseQSTBUyE7vA=
github.com/balazskvancz/rtree v1.0.1 h1:IzV4Xf72g5jApPWymfGzuJpszAkdNMhQG/D9CywIWFM=
github.com/balazskvancz/rtree v1.0.1/go.mod h1:Q6neTW6sMmYkKRt4olSvKM6bGfLlVPIseQSTBUyE7vA=
